
Microsoft Visual Studio Solution File, Format Version 12.00
# Visual Studio 15
VisualStudioVersion = 15.0.26430.6
MinimumVisualStudioVersion = 10.0.40219.1
Project("{FAE04EC0-301F-11D3-BF4B-00C04F79EFBC}") = "SearchListView.Android", "SearchListView\SearchListView.Android\SearchListView.Android.csproj", "{78948E53-0C80-4AF4-8EFB-814AAA760066}"
EndProject
Project("{FAE04EC0-301F-11D3-BF4B-00C04F79EFBC}") = "SearchListView", "SearchListView\SearchListView\SearchListView.csproj", "{F3BBAD28-AF50-46A3-992D-04977E63B9D7}"
EndProject
Project("{FAE04EC0-301F-11D3-BF4B-00C04F79EFBC}") = "SearchListView.UWP", "SearchListView\SearchListView.UWP\SearchListView.UWP.csproj", "{96EB60A7-6F77-4FE6-9B63-DDF10F922C5D}"
EndProject
Project("{FAE04EC0-301F-11D3-BF4B-00C04F79EFBC}") = "SearchListView.iOS", "SearchListView\SearchListView.iOS\SearchListView.iOS.csproj", "{4FBA4567-E536-412E-914B-0761590A6AB7}"
EndProject
Global
	GlobalSection(SolutionConfigurationPlatforms) = preSolution
		Ad-Hoc|Any CPU = Ad-Hoc|Any CPU
		Ad-Hoc|ARM = Ad-Hoc|ARM
		Ad-Hoc|iPhone = Ad-Hoc|iPhone
		Ad-Hoc|iPhoneSimulator = Ad-Hoc|iPhoneSimulator
		Ad-Hoc|x64 = Ad-Hoc|x64
		Ad-Hoc|x86 = Ad-Hoc|x86
		AppStore|Any CPU = AppStore|Any CPU
		AppStore|ARM = AppStore|ARM
		AppStore|iPhone = AppStore|iPhone
		AppStore|iPhoneSimulator = AppStore|iPhoneSimulator
		AppStore|x64 = AppStore|x64
		AppStore|x86 = AppStore|x86
		Debug|Any CPU = Debug|Any CPU
		Debug|ARM = Debug|ARM
		Debug|iPhone = Debug|iPhone
		Debug|iPhoneSimulator = Debug|iPhoneSimulator
		Debug|x64 = Debug|x64
		Debug|x86 = Debug|x86
		Release|Any CPU = Release|Any CPU
		Release|ARM = Release|ARM
		Release|iPhone = Release|iPhone
		Release|iPhoneSimulator = Release|iPhoneSimulator
		Release|x64 = Release|x64
		Release|x86 = Release|x86
	EndGlobalSection
	GlobalSection(ProjectConfigurationPlatforms) = postSolution
		{78948E53-0C80-4AF4-8EFB-814AAA760066}.Ad-Hoc|Any CPU.ActiveCfg = Release|Any CPU
		{78948E53-0C80-4AF4-8EFB-814AAA760066}.Ad-Hoc|Any CPU.Build.0 = Release|Any CPU
		{78948E53-0C80-4AF4-8EFB-814AAA760066}.Ad-Hoc|Any CPU.Deploy.0 = Release|Any CPU
		{78948E53-0C80-4AF4-8EFB-814AAA760066}.Ad-Hoc|ARM.ActiveCfg = Release|Any CPU
		{78948E53-0C80-4AF4-8EFB-814AAA760066}.Ad-Hoc|ARM.Build.0 = Release|Any CPU
		{78948E53-0C80-4AF4-8EFB-814AAA760066}.Ad-Hoc|ARM.Deploy.0 = Release|Any CPU
		{78948E53-0C80-4AF4-8EFB-814AAA760066}.Ad-Hoc|iPhone.ActiveCfg = Release|Any CPU
		{78948E53-0C80-4AF4-8EFB-814AAA760066}.Ad-Hoc|iPhone.Build.0 = Release|Any CPU
		{78948E53-0C80-4AF4-8EFB-814AAA760066}.Ad-Hoc|iPhone.Deploy.0 = Release|Any CPU
		{78948E53-0C80-4AF4-8EFB-814AAA760066}.Ad-Hoc|iPhoneSimulator.ActiveCfg = Release|Any CPU
		{78948E53-0C80-4AF4-8EFB-814AAA760066}.Ad-Hoc|iPhoneSimulator.Build.0 = Release|Any CPU
		{78948E53-0C80-4AF4-8EFB-814AAA760066}.Ad-Hoc|iPhoneSimulator.Deploy.0 = Release|Any CPU
		{78948E53-0C80-4AF4-8EFB-814AAA760066}.Ad-Hoc|x64.ActiveCfg = Release|Any CPU
		{78948E53-0C80-4AF4-8EFB-814AAA760066}.Ad-Hoc|x64.Build.0 = Release|Any CPU
		{78948E53-0C80-4AF4-8EFB-814AAA760066}.Ad-Hoc|x64.Deploy.0 = Release|Any CPU
		{78948E53-0C80-4AF4-8EFB-814AAA760066}.Ad-Hoc|x86.ActiveCfg = Release|Any CPU
		{78948E53-0C80-4AF4-8EFB-814AAA760066}.Ad-Hoc|x86.Build.0 = Release|Any CPU
		{78948E53-0C80-4AF4-8EFB-814AAA760066}.Ad-Hoc|x86.Deploy.0 = Release|Any CPU
		{78948E53-0C80-4AF4-8EFB-814AAA760066}.AppStore|Any CPU.ActiveCfg = Release|Any CPU
		{78948E53-0C80-4AF4-8EFB-814AAA760066}.AppStore|Any CPU.Build.0 = Release|Any CPU
		{78948E53-0C80-4AF4-8EFB-814AAA760066}.AppStore|Any CPU.Deploy.0 = Release|Any CPU
		{78948E53-0C80-4AF4-8EFB-814AAA760066}.AppStore|ARM.ActiveCfg = Release|Any CPU
		{78948E53-0C80-4AF4-8EFB-814AAA760066}.AppStore|ARM.Build.0 = Release|Any CPU
		{78948E53-0C80-4AF4-8EFB-814AAA760066}.AppStore|ARM.Deploy.0 = Release|Any CPU
		{78948E53-0C80-4AF4-8EFB-814AAA760066}.AppStore|iPhone.ActiveCfg = Release|Any CPU
		{78948E53-0C80-4AF4-8EFB-814AAA760066}.AppStore|iPhone.Build.0 = Release|Any CPU
		{78948E53-0C80-4AF4-8EFB-814AAA760066}.AppStore|iPhone.Deploy.0 = Release|Any CPU
		{78948E53-0C80-4AF4-8EFB-814AAA760066}.AppStore|iPhoneSimulator.ActiveCfg = Release|Any CPU
		{78948E53-0C80-4AF4-8EFB-814AAA760066}.AppStore|iPhoneSimulator.Build.0 = Release|Any CPU
		{78948E53-0C80-4AF4-8EFB-814AAA760066}.AppStore|iPhoneSimulator.Deploy.0 = Release|Any CPU
		{78948E53-0C80-4AF4-8EFB-814AAA760066}.AppStore|x64.ActiveCfg = Release|Any CPU
		{78948E53-0C80-4AF4-8EFB-814AAA760066}.AppStore|x64.Build.0 = Release|Any CPU
		{78948E53-0C80-4AF4-8EFB-814AAA760066}.AppStore|x64.Deploy.0 = Release|Any CPU
		{78948E53-0C80-4AF4-8EFB-814AAA760066}.AppStore|x86.ActiveCfg = Release|Any CPU
		{78948E53-0C80-4AF4-8EFB-814AAA760066}.AppStore|x86.Build.0 = Release|Any CPU
		{78948E53-0C80-4AF4-8EFB-814AAA760066}.AppStore|x86.Deploy.0 = Release|Any CPU
		{78948E53-0C80-4AF4-8EFB-814AAA760066}.Debug|Any CPU.ActiveCfg = Debug|Any CPU
		{78948E53-0C80-4AF4-8EFB-814AAA760066}.Debug|Any CPU.Build.0 = Debug|Any CPU
		{78948E53-0C80-4AF4-8EFB-814AAA760066}.Debug|Any CPU.Deploy.0 = Debug|Any CPU
		{78948E53-0C80-4AF4-8EFB-814AAA760066}.Debug|ARM.ActiveCfg = Debug|Any CPU
		{78948E53-0C80-4AF4-8EFB-814AAA760066}.Debug|ARM.Build.0 = Debug|Any CPU
		{78948E53-0C80-4AF4-8EFB-814AAA760066}.Debug|ARM.Deploy.0 = Debug|Any CPU
		{78948E53-0C80-4AF4-8EFB-814AAA760066}.Debug|iPhone.ActiveCfg = Debug|Any CPU
		{78948E53-0C80-4AF4-8EFB-814AAA760066}.Debug|iPhone.Build.0 = Debug|Any CPU
		{78948E53-0C80-4AF4-8EFB-814AAA760066}.Debug|iPhone.Deploy.0 = Debug|Any CPU
		{78948E53-0C80-4AF4-8EFB-814AAA760066}.Debug|iPhoneSimulator.ActiveCfg = Debug|Any CPU
		{78948E53-0C80-4AF4-8EFB-814AAA760066}.Debug|iPhoneSimulator.Build.0 = Debug|Any CPU
		{78948E53-0C80-4AF4-8EFB-814AAA760066}.Debug|iPhoneSimulator.Deploy.0 = Debug|Any CPU
		{78948E53-0C80-4AF4-8EFB-814AAA760066}.Debug|x64.ActiveCfg = Debug|Any CPU
		{78948E53-0C80-4AF4-8EFB-814AAA760066}.Debug|x64.Build.0 = Debug|Any CPU
		{78948E53-0C80-4AF4-8EFB-814AAA760066}.Debug|x64.Deploy.0 = Debug|Any CPU
		{78948E53-0C80-4AF4-8EFB-814AAA760066}.Debug|x86.ActiveCfg = Debug|Any CPU
		{78948E53-0C80-4AF4-8EFB-814AAA760066}.Debug|x86.Build.0 = Debug|Any CPU
		{78948E53-0C80-4AF4-8EFB-814AAA760066}.Debug|x86.Deploy.0 = Debug|Any CPU
		{78948E53-0C80-4AF4-8EFB-814AAA760066}.Release|Any CPU.ActiveCfg = Release|Any CPU
		{78948E53-0C80-4AF4-8EFB-814AAA760066}.Release|Any CPU.Build.0 = Release|Any CPU
		{78948E53-0C80-4AF4-8EFB-814AAA760066}.Release|Any CPU.Deploy.0 = Release|Any CPU
		{78948E53-0C80-4AF4-8EFB-814AAA760066}.Release|ARM.ActiveCfg = Release|Any CPU
		{78948E53-0C80-4AF4-8EFB-814AAA760066}.Release|ARM.Build.0 = Release|Any CPU
		{78948E53-0C80-4AF4-8EFB-814AAA760066}.Release|ARM.Deploy.0 = Release|Any CPU
		{78948E53-0C80-4AF4-8EFB-814AAA760066}.Release|iPhone.ActiveCfg = Release|Any CPU
		{78948E53-0C80-4AF4-8EFB-814AAA760066}.Release|iPhone.Build.0 = Release|Any CPU
		{78948E53-0C80-4AF4-8EFB-814AAA760066}.Release|iPhone.Deploy.0 = Release|Any CPU
		{78948E53-0C80-4AF4-8EFB-814AAA760066}.Release|iPhoneSimulator.ActiveCfg = Release|Any CPU
		{78948E53-0C80-4AF4-8EFB-814AAA760066}.Release|iPhoneSimulator.Build.0 = Release|Any CPU
		{78948E53-0C80-4AF4-8EFB-814AAA760066}.Release|iPhoneSimulator.Deploy.0 = Release|Any CPU
		{78948E53-0C80-4AF4-8EFB-814AAA760066}.Release|x64.ActiveCfg = Release|Any CPU
		{78948E53-0C80-4AF4-8EFB-814AAA760066}.Release|x64.Build.0 = Release|Any CPU
		{78948E53-0C80-4AF4-8EFB-814AAA760066}.Release|x64.Deploy.0 = Release|Any CPU
		{78948E53-0C80-4AF4-8EFB-814AAA760066}.Release|x86.ActiveCfg = Release|Any CPU
		{78948E53-0C80-4AF4-8EFB-814AAA760066}.Release|x86.Build.0 = Release|Any CPU
		{78948E53-0C80-4AF4-8EFB-814AAA760066}.Release|x86.Deploy.0 = Release|Any CPU
		{F3BBAD28-AF50-46A3-992D-04977E63B9D7}.Ad-Hoc|Any CPU.ActiveCfg = Release|Any CPU
		{F3BBAD28-AF50-46A3-992D-04977E63B9D7}.Ad-Hoc|Any CPU.Build.0 = Release|Any CPU
		{F3BBAD28-AF50-46A3-992D-04977E63B9D7}.Ad-Hoc|ARM.ActiveCfg = Release|Any CPU
		{F3BBAD28-AF50-46A3-992D-04977E63B9D7}.Ad-Hoc|ARM.Build.0 = Release|Any CPU
		{F3BBAD28-AF50-46A3-992D-04977E63B9D7}.Ad-Hoc|iPhone.ActiveCfg = Release|Any CPU
		{F3BBAD28-AF50-46A3-992D-04977E63B9D7}.Ad-Hoc|iPhone.Build.0 = Release|Any CPU
		{F3BBAD28-AF50-46A3-992D-04977E63B9D7}.Ad-Hoc|iPhoneSimulator.ActiveCfg = Release|Any CPU
		{F3BBAD28-AF50-46A3-992D-04977E63B9D7}.Ad-Hoc|iPhoneSimulator.Build.0 = Release|Any CPU
		{F3BBAD28-AF50-46A3-992D-04977E63B9D7}.Ad-Hoc|x64.ActiveCfg = Release|Any CPU
		{F3BBAD28-AF50-46A3-992D-04977E63B9D7}.Ad-Hoc|x64.Build.0 = Release|Any CPU
		{F3BBAD28-AF50-46A3-992D-04977E63B9D7}.Ad-Hoc|x86.ActiveCfg = Release|Any CPU
		{F3BBAD28-AF50-46A3-992D-04977E63B9D7}.Ad-Hoc|x86.Build.0 = Release|Any CPU
		{F3BBAD28-AF50-46A3-992D-04977E63B9D7}.AppStore|Any CPU.ActiveCfg = Release|Any CPU
		{F3BBAD28-AF50-46A3-992D-04977E63B9D7}.AppStore|Any CPU.Build.0 = Release|Any CPU
		{F3BBAD28-AF50-46A3-992D-04977E63B9D7}.AppStore|ARM.ActiveCfg = Release|Any CPU
		{F3BBAD28-AF50-46A3-992D-04977E63B9D7}.AppStore|ARM.Build.0 = Release|Any CPU
		{F3BBAD28-AF50-46A3-992D-04977E63B9D7}.AppStore|iPhone.ActiveCfg = Release|Any CPU
		{F3BBAD28-AF50-46A3-992D-04977E63B9D7}.AppStore|iPhone.Build.0 = Release|Any CPU
		{F3BBAD28-AF50-46A3-992D-04977E63B9D7}.AppStore|iPhoneSimulator.ActiveCfg = Release|Any CPU
		{F3BBAD28-AF50-46A3-992D-04977E63B9D7}.AppStore|iPhoneSimulator.Build.0 = Release|Any CPU
		{F3BBAD28-AF50-46A3-992D-04977E63B9D7}.AppStore|x64.ActiveCfg = Release|Any CPU
		{F3BBAD28-AF50-46A3-992D-04977E63B9D7}.AppStore|x64.Build.0 = Release|Any CPU
		{F3BBAD28-AF50-46A3-992D-04977E63B9D7}.AppStore|x86.ActiveCfg = Release|Any CPU
		{F3BBAD28-AF50-46A3-992D-04977E63B9D7}.AppStore|x86.Build.0 = Release|Any CPU
		{F3BBAD28-AF50-46A3-992D-04977E63B9D7}.Debug|Any CPU.ActiveCfg = Debug|Any CPU
		{F3BBAD28-AF50-46A3-992D-04977E63B9D7}.Debug|Any CPU.Build.0 = Debug|Any CPU
		{F3BBAD28-AF50-46A3-992D-04977E63B9D7}.Debug|ARM.ActiveCfg = Debug|Any CPU
		{F3BBAD28-AF50-46A3-992D-04977E63B9D7}.Debug|ARM.Build.0 = Debug|Any CPU
		{F3BBAD28-AF50-46A3-992D-04977E63B9D7}.Debug|iPhone.ActiveCfg = Debug|Any CPU
		{F3BBAD28-AF50-46A3-992D-04977E63B9D7}.Debug|iPhone.Build.0 = Debug|Any CPU
		{F3BBAD28-AF50-46A3-992D-04977E63B9D7}.Debug|iPhoneSimulator.ActiveCfg = Debug|Any CPU
		{F3BBAD28-AF50-46A3-992D-04977E63B9D7}.Debug|iPhoneSimulator.Build.0 = Debug|Any CPU
		{F3BBAD28-AF50-46A3-992D-04977E63B9D7}.Debug|x64.ActiveCfg = Debug|Any CPU
		{F3BBAD28-AF50-46A3-992D-04977E63B9D7}.Debug|x64.Build.0 = Debug|Any CPU
		{F3BBAD28-AF50-46A3-992D-04977E63B9D7}.Debug|x86.ActiveCfg = Debug|Any CPU
		{F3BBAD28-AF50-46A3-992D-04977E63B9D7}.Debug|x86.Build.0 = Debug|Any CPU
		{F3BBAD28-AF50-46A3-992D-04977E63B9D7}.Release|Any CPU.ActiveCfg = Release|Any CPU
		{F3BBAD28-AF50-46A3-992D-04977E63B9D7}.Release|Any CPU.Build.0 = Release|Any CPU
		{F3BBAD28-AF50-46A3-992D-04977E63B9D7}.Release|ARM.ActiveCfg = Release|Any CPU
		{F3BBAD28-AF50-46A3-992D-04977E63B9D7}.Release|ARM.Build.0 = Release|Any CPU
		{F3BBAD28-AF50-46A3-992D-04977E63B9D7}.Release|iPhone.ActiveCfg = Release|Any CPU
		{F3BBAD28-AF50-46A3-992D-04977E63B9D7}.Release|iPhone.Build.0 = Release|Any CPU
		{F3BBAD28-AF50-46A3-992D-04977E63B9D7}.Release|iPhoneSimulator.ActiveCfg = Release|Any CPU
		{F3BBAD28-AF50-46A3-992D-04977E63B9D7}.Release|iPhoneSimulator.Build.0 = Release|Any CPU
		{F3BBAD28-AF50-46A3-992D-04977E63B9D7}.Release|x64.ActiveCfg = Release|Any CPU
		{F3BBAD28-AF50-46A3-992D-04977E63B9D7}.Release|x64.Build.0 = Release|Any CPU
		{F3BBAD28-AF50-46A3-992D-04977E63B9D7}.Release|x86.ActiveCfg = Release|Any CPU
		{F3BBAD28-AF50-46A3-992D-04977E63B9D7}.Release|x86.Build.0 = Release|Any CPU
		{96EB60A7-6F77-4FE6-9B63-DDF10F922C5D}.Ad-Hoc|Any CPU.ActiveCfg = Release|x86
		{96EB60A7-6F77-4FE6-9B63-DDF10F922C5D}.Ad-Hoc|Any CPU.Build.0 = Release|x86
		{96EB60A7-6F77-4FE6-9B63-DDF10F922C5D}.Ad-Hoc|Any CPU.Deploy.0 = Release|x86
		{96EB60A7-6F77-4FE6-9B63-DDF10F922C5D}.Ad-Hoc|ARM.ActiveCfg = Release|ARM
		{96EB60A7-6F77-4FE6-9B63-DDF10F922C5D}.Ad-Hoc|ARM.Build.0 = Release|ARM
		{96EB60A7-6F77-4FE6-9B63-DDF10F922C5D}.Ad-Hoc|ARM.Deploy.0 = Release|ARM
		{96EB60A7-6F77-4FE6-9B63-DDF10F922C5D}.Ad-Hoc|iPhone.ActiveCfg = Release|x86
		{96EB60A7-6F77-4FE6-9B63-DDF10F922C5D}.Ad-Hoc|iPhone.Build.0 = Release|x86
		{96EB60A7-6F77-4FE6-9B63-DDF10F922C5D}.Ad-Hoc|iPhone.Deploy.0 = Release|x86
		{96EB60A7-6F77-4FE6-9B63-DDF10F922C5D}.Ad-Hoc|iPhoneSimulator.ActiveCfg = Release|x86
		{96EB60A7-6F77-4FE6-9B63-DDF10F922C5D}.Ad-Hoc|iPhoneSimulator.Build.0 = Release|x86
		{96EB60A7-6F77-4FE6-9B63-DDF10F922C5D}.Ad-Hoc|iPhoneSimulator.Deploy.0 = Release|x86
		{96EB60A7-6F77-4FE6-9B63-DDF10F922C5D}.Ad-Hoc|x64.ActiveCfg = Release|x64
		{96EB60A7-6F77-4FE6-9B63-DDF10F922C5D}.Ad-Hoc|x64.Build.0 = Release|x64
		{96EB60A7-6F77-4FE6-9B63-DDF10F922C5D}.Ad-Hoc|x64.Deploy.0 = Release|x64
		{96EB60A7-6F77-4FE6-9B63-DDF10F922C5D}.Ad-Hoc|x86.ActiveCfg = Release|x86
		{96EB60A7-6F77-4FE6-9B63-DDF10F922C5D}.Ad-Hoc|x86.Build.0 = Release|x86
		{96EB60A7-6F77-4FE6-9B63-DDF10F922C5D}.Ad-Hoc|x86.Deploy.0 = Release|x86
		{96EB60A7-6F77-4FE6-9B63-DDF10F922C5D}.AppStore|Any CPU.ActiveCfg = Release|x86
		{96EB60A7-6F77-4FE6-9B63-DDF10F922C5D}.AppStore|Any CPU.Build.0 = Release|x86
		{96EB60A7-6F77-4FE6-9B63-DDF10F922C5D}.AppStore|Any CPU.Deploy.0 = Release|x86
		{96EB60A7-6F77-4FE6-9B63-DDF10F922C5D}.AppStore|ARM.ActiveCfg = Release|ARM
		{96EB60A7-6F77-4FE6-9B63-DDF10F922C5D}.AppStore|ARM.Build.0 = Release|ARM
		{96EB60A7-6F77-4FE6-9B63-DDF10F922C5D}.AppStore|ARM.Deploy.0 = Release|ARM
		{96EB60A7-6F77-4FE6-9B63-DDF10F922C5D}.AppStore|iPhone.ActiveCfg = Release|x86
		{96EB60A7-6F77-4FE6-9B63-DDF10F922C5D}.AppStore|iPhone.Build.0 = Release|x86
		{96EB60A7-6F77-4FE6-9B63-DDF10F922C5D}.AppStore|iPhone.Deploy.0 = Release|x86
		{96EB60A7-6F77-4FE6-9B63-DDF10F922C5D}.AppStore|iPhoneSimulator.ActiveCfg = Release|x86
		{96EB60A7-6F77-4FE6-9B63-DDF10F922C5D}.AppStore|iPhoneSimulator.Build.0 = Release|x86
		{96EB60A7-6F77-4FE6-9B63-DDF10F922C5D}.AppStore|iPhoneSimulator.Deploy.0 = Release|x86
		{96EB60A7-6F77-4FE6-9B63-DDF10F922C5D}.AppStore|x64.ActiveCfg = Release|x64
		{96EB60A7-6F77-4FE6-9B63-DDF10F922C5D}.AppStore|x64.Build.0 = Release|x64
		{96EB60A7-6F77-4FE6-9B63-DDF10F922C5D}.AppStore|x64.Deploy.0 = Release|x64
		{96EB60A7-6F77-4FE6-9B63-DDF10F922C5D}.AppStore|x86.ActiveCfg = Release|x86
		{96EB60A7-6F77-4FE6-9B63-DDF10F922C5D}.AppStore|x86.Build.0 = Release|x86
		{96EB60A7-6F77-4FE6-9B63-DDF10F922C5D}.AppStore|x86.Deploy.0 = Release|x86
		{96EB60A7-6F77-4FE6-9B63-DDF10F922C5D}.Debug|Any CPU.ActiveCfg = Debug|x86
		{96EB60A7-6F77-4FE6-9B63-DDF10F922C5D}.Debug|ARM.ActiveCfg = Debug|ARM
		{96EB60A7-6F77-4FE6-9B63-DDF10F922C5D}.Debug|ARM.Build.0 = Debug|ARM
		{96EB60A7-6F77-4FE6-9B63-DDF10F922C5D}.Debug|ARM.Deploy.0 = Debug|ARM
		{96EB60A7-6F77-4FE6-9B63-DDF10F922C5D}.Debug|iPhone.ActiveCfg = Debug|x86
		{96EB60A7-6F77-4FE6-9B63-DDF10F922C5D}.Debug|iPhoneSimulator.ActiveCfg = Debug|x86
		{96EB60A7-6F77-4FE6-9B63-DDF10F922C5D}.Debug|x64.ActiveCfg = Debug|x64
		{96EB60A7-6F77-4FE6-9B63-DDF10F922C5D}.Debug|x64.Build.0 = Debug|x64
		{96EB60A7-6F77-4FE6-9B63-DDF10F922C5D}.Debug|x64.Deploy.0 = Debug|x64
		{96EB60A7-6F77-4FE6-9B63-DDF10F922C5D}.Debug|x86.ActiveCfg = Debug|x86
		{96EB60A7-6F77-4FE6-9B63-DDF10F922C5D}.Debug|x86.Build.0 = Debug|x86
		{96EB60A7-6F77-4FE6-9B63-DDF10F922C5D}.Debug|x86.Deploy.0 = Debug|x86
		{96EB60A7-6F77-4FE6-9B63-DDF10F922C5D}.Release|Any CPU.ActiveCfg = Release|x86
		{96EB60A7-6F77-4FE6-9B63-DDF10F922C5D}.Release|ARM.ActiveCfg = Release|ARM
		{96EB60A7-6F77-4FE6-9B63-DDF10F922C5D}.Release|ARM.Build.0 = Release|ARM
		{96EB60A7-6F77-4FE6-9B63-DDF10F922C5D}.Release|ARM.Deploy.0 = Release|ARM
		{96EB60A7-6F77-4FE6-9B63-DDF10F922C5D}.Release|iPhone.ActiveCfg = Release|x86
		{96EB60A7-6F77-4FE6-9B63-DDF10F922C5D}.Release|iPhoneSimulator.ActiveCfg = Release|x86
		{96EB60A7-6F77-4FE6-9B63-DDF10F922C5D}.Release|x64.ActiveCfg = Release|x64
		{96EB60A7-6F77-4FE6-9B63-DDF10F922C5D}.Release|x64.Build.0 = Release|x64
		{96EB60A7-6F77-4FE6-9B63-DDF10F922C5D}.Release|x64.Deploy.0 = Release|x64
		{96EB60A7-6F77-4FE6-9B63-DDF10F922C5D}.Release|x86.ActiveCfg = Release|x86
		{96EB60A7-6F77-4FE6-9B63-DDF10F922C5D}.Release|x86.Build.0 = Release|x86
		{96EB60A7-6F77-4FE6-9B63-DDF10F922C5D}.Release|x86.Deploy.0 = Release|x86
		{4FBA4567-E536-412E-914B-0761590A6AB7}.Ad-Hoc|Any CPU.ActiveCfg = Ad-Hoc|iPhone
		{4FBA4567-E536-412E-914B-0761590A6AB7}.Ad-Hoc|ARM.ActiveCfg = Ad-Hoc|iPhone
		{4FBA4567-E536-412E-914B-0761590A6AB7}.Ad-Hoc|iPhone.ActiveCfg = Ad-Hoc|iPhone
		{4FBA4567-E536-412E-914B-0761590A6AB7}.Ad-Hoc|iPhone.Build.0 = Ad-Hoc|iPhone
		{4FBA4567-E536-412E-914B-0761590A6AB7}.Ad-Hoc|iPhoneSimulator.ActiveCfg = Ad-Hoc|iPhoneSimulator
		{4FBA4567-E536-412E-914B-0761590A6AB7}.Ad-Hoc|iPhoneSimulator.Build.0 = Ad-Hoc|iPhoneSimulator
		{4FBA4567-E536-412E-914B-0761590A6AB7}.Ad-Hoc|x64.ActiveCfg = Ad-Hoc|iPhone
		{4FBA4567-E536-412E-914B-0761590A6AB7}.Ad-Hoc|x86.ActiveCfg = Ad-Hoc|iPhone
		{4FBA4567-E536-412E-914B-0761590A6AB7}.AppStore|Any CPU.ActiveCfg = AppStore|iPhone
		{4FBA4567-E536-412E-914B-0761590A6AB7}.AppStore|ARM.ActiveCfg = AppStore|iPhone
		{4FBA4567-E536-412E-914B-0761590A6AB7}.AppStore|iPhone.ActiveCfg = AppStore|iPhone
		{4FBA4567-E536-412E-914B-0761590A6AB7}.AppStore|iPhone.Build.0 = AppStore|iPhone
		{4FBA4567-E536-412E-914B-0761590A6AB7}.AppStore|iPhoneSimulator.ActiveCfg = AppStore|iPhoneSimulator
		{4FBA4567-E536-412E-914B-0761590A6AB7}.AppStore|iPhoneSimulator.Build.0 = AppStore|iPhoneSimulator
		{4FBA4567-E536-412E-914B-0761590A6AB7}.AppStore|x64.ActiveCfg = AppStore|iPhone
		{4FBA4567-E536-412E-914B-0761590A6AB7}.AppStore|x86.ActiveCfg = AppStore|iPhone
		{4FBA4567-E536-412E-914B-0761590A6AB7}.Debug|Any CPU.ActiveCfg = Debug|iPhone
		{4FBA4567-E536-412E-914B-0761590A6AB7}.Debug|ARM.ActiveCfg = Debug|iPhone
		{4FBA4567-E536-412E-914B-0761590A6AB7}.Debug|iPhone.ActiveCfg = Debug|iPhone
		{4FBA4567-E536-412E-914B-0761590A6AB7}.Debug|iPhone.Build.0 = Debug|iPhone
		{4FBA4567-E536-412E-914B-0761590A6AB7}.Debug|iPhoneSimulator.ActiveCfg = Debug|iPhoneSimulator
		{4FBA4567-E536-412E-914B-0761590A6AB7}.Debug|iPhoneSimulator.Build.0 = Debug|iPhoneSimulator
		{4FBA4567-E536-412E-914B-0761590A6AB7}.Debug|x64.ActiveCfg = Debug|iPhone
		{4FBA4567-E536-412E-914B-0761590A6AB7}.Debug|x86.ActiveCfg = Debug|iPhone
		{4FBA4567-E536-412E-914B-0761590A6AB7}.Release|Any CPU.ActiveCfg = Release|iPhone
		{4FBA4567-E536-412E-914B-0761590A6AB7}.Release|ARM.ActiveCfg = Release|iPhone
		{4FBA4567-E536-412E-914B-0761590A6AB7}.Release|iPhone.ActiveCfg = Release|iPhone
		{4FBA4567-E536-412E-914B-0761590A6AB7}.Release|iPhone.Build.0 = Release|iPhone
		{4FBA4567-E536-412E-914B-0761590A6AB7}.Release|iPhoneSimulator.ActiveCfg = Release|iPhoneSimulator
		{4FBA4567-E536-412E-914B-0761590A6AB7}.Release|iPhoneSimulator.Build.0 = Release|iPhoneSimulator
		{4FBA4567-E536-412E-914B-0761590A6AB7}.Release|x64.ActiveCfg = Release|iPhone
		{4FBA4567-E536-412E-914B-0761590A6AB7}.Release|x86.ActiveCfg = Release|iPhone
	EndGlobalSection
	GlobalSection(SolutionProperties) = preSolution
		HideSolutionNode = FALSE
	EndGlobalSection
EndGlobal
